{
  "name": "BuySmart",
  "lockfileVersion": 3,
  "requires": true,
  "packages": {
    "": {
      "dependencies": {
        "rate-limiter-flexible": "^7.1.0"
      }
    },
    "node_modules/rate-limiter-flexible": {
      "version": "7.1.0",
      "resolved": "https://registry.npmjs.org/rate-limiter-flexible/-/rate-limiter-flexible-7.1.0.tgz",
      "integrity": "sha512-qXYzKWzlTOf7/BNjz1Jj03AgtTHoJZZAiiJ3hjLf8sqeG+EWZLeQ3xYtMPlMZLonlq+OyJUueHyK/H+q2Zc7Qw==",
      "license": "ISC"
    }
  }
}
